
Microsoft Visual Studio Solution File, Format Version 12.00
# Visual Studio Version 16
VisualStudioVersion = 16.0.31320.298
MinimumVisualStudioVersion = 10.0.40219.1
Project("{D954291E-2A0B-460D-934E-DC6B0785DB48}") = "PARCIALFINAL.Shared", "PARCIALFINAL\PARCIALFINAL.Shared\PARCIALFINAL.Shared.shproj", "{6279C845-92F8-4333-AB99-3D213163593C}"
EndProject
Project("{2150E333-8FDC-42A3-9474-1A3956D46DE8}") = "Platforms", "Platforms", "{68C555CC-E464-49DB-B432-7925BB14E3D0}"
EndProject
Project("{FAE04EC0-301F-11D3-BF4B-00C04F79EFBC}") = "PARCIALFINAL.Droid", "PARCIALFINAL\PARCIALFINAL.Droid\PARCIALFINAL.Droid.csproj", "{000588F5-F55D-472C-AA49-B0C48F1DE634}"
EndProject
Project("{FAE04EC0-301F-11D3-BF4B-00C04F79EFBC}") = "PARCIALFINAL.iOS", "PARCIALFINAL\PARCIALFINAL.iOS\PARCIALFINAL.iOS.csproj", "{55565B13-83BE-4E64-B7C1-0BFC0EB66C04}"
EndProject
Project("{FAE04EC0-301F-11D3-BF4B-00C04F79EFBC}") = "PARCIALFINAL.UWP", "PARCIALFINAL\PARCIALFINAL.UWP\PARCIALFINAL.UWP.csproj", "{12B3D5E3-9EBD-4F10-A144-271C468D983A}"
EndProject
Project("{FAE04EC0-301F-11D3-BF4B-00C04F79EFBC}") = "PARCIALFINAL.Wasm", "PARCIALFINAL\PARCIALFINAL.Wasm\PARCIALFINAL.Wasm.csproj", "{8D85656B-9F35-459C-BFF4-6DACC6A997B8}"
EndProject
Project("{FAE04EC0-301F-11D3-BF4B-00C04F79EFBC}") = "PARCIALFINAL.macOS", "PARCIALFINAL\PARCIALFINAL.macOS\PARCIALFINAL.macOS.csproj", "{E2A1E8E4-53BB-4D17-88AE-B01FF41DD9FA}"
EndProject
Project("{FAE04EC0-301F-11D3-BF4B-00C04F79EFBC}") = "PARCIALFINAL.Skia.Wpf.Host", "PARCIALFINAL\PARCIALFINAL.Skia.Wpf.Host\PARCIALFINAL.Skia.Wpf.Host.csproj", "{E8331104-F935-4FD4-ADD3-51FF94775D92}"
EndProject
Project("{FAE04EC0-301F-11D3-BF4B-00C04F79EFBC}") = "PARCIALFINAL.Skia.Wpf", "PARCIALFINAL\PARCIALFINAL.Skia.Wpf\PARCIALFINAL.Skia.Wpf.csproj", "{40D11CE6-E8AE-4137-8A72-88A8FD4210E3}"
EndProject
Project("{FAE04EC0-301F-11D3-BF4B-00C04F79EFBC}") = "PARCIALFINAL.Skia.Gtk", "PARCIALFINAL\PARCIALFINAL.Skia.Gtk\PARCIALFINAL.Skia.Gtk.csproj", "{CD59FA1E-14F3-44A6-B9ED-BB56F8ADDD49}"
EndProject
Project("{FAE04EC0-301F-11D3-BF4B-00C04F79EFBC}") = "PARCIALFINAL.Skia.Tizen", "PARCIALFINAL\PARCIALFINAL.Skia.Tizen\PARCIALFINAL.Skia.Tizen.csproj", "{B7DA4DB9-E2D1-42D6-9A50-620BE9A3D608}"
EndProject
Global
	GlobalSection(SharedMSBuildProjectFiles) = preSolution
		PARCIALFINAL\PARCIALFINAL.Shared\PARCIALFINAL.Shared.projitems*{000588f5-f55d-472c-aa49-b0c48f1de634}*SharedItemsImports = 4
		PARCIALFINAL\PARCIALFINAL.Shared\PARCIALFINAL.Shared.projitems*{12b3d5e3-9ebd-4f10-a144-271c468d983a}*SharedItemsImports = 4
		PARCIALFINAL\PARCIALFINAL.Shared\PARCIALFINAL.Shared.projitems*{40d11ce6-e8ae-4137-8a72-88a8fd4210e3}*SharedItemsImports = 5
		PARCIALFINAL\PARCIALFINAL.Shared\PARCIALFINAL.Shared.projitems*{55565b13-83be-4e64-b7c1-0bfc0eb66c04}*SharedItemsImports = 4
		PARCIALFINAL\PARCIALFINAL.Shared\PARCIALFINAL.Shared.projitems*{6279c845-92f8-4333-ab99-3d213163593c}*SharedItemsImports = 13
		PARCIALFINAL\PARCIALFINAL.Shared\PARCIALFINAL.Shared.projitems*{8d85656b-9f35-459c-bff4-6dacc6a997b8}*SharedItemsImports = 5
		PARCIALFINAL\PARCIALFINAL.Shared\PARCIALFINAL.Shared.projitems*{b7da4db9-e2d1-42d6-9a50-620be9a3d608}*SharedItemsImports = 5
		PARCIALFINAL\PARCIALFINAL.Shared\PARCIALFINAL.Shared.projitems*{cd59fa1e-14f3-44a6-b9ed-bb56f8addd49}*SharedItemsImports = 5
		PARCIALFINAL\PARCIALFINAL.Shared\PARCIALFINAL.Shared.projitems*{e2a1e8e4-53bb-4d17-88ae-b01ff41dd9fa}*SharedItemsImports = 4
	EndGlobalSection
	GlobalSection(SolutionConfigurationPlatforms) = preSolution
		Ad-Hoc|Any CPU = Ad-Hoc|Any CPU
		Ad-Hoc|ARM = Ad-Hoc|ARM
		Ad-Hoc|ARM64 = Ad-Hoc|ARM64
		Ad-Hoc|iPhone = Ad-Hoc|iPhone
		Ad-Hoc|iPhoneSimulator = Ad-Hoc|iPhoneSimulator
		Ad-Hoc|x64 = Ad-Hoc|x64
		Ad-Hoc|x86 = Ad-Hoc|x86
		AppStore|Any CPU = AppStore|Any CPU
		AppStore|ARM = AppStore|ARM
		AppStore|ARM64 = AppStore|ARM64
		AppStore|iPhone = AppStore|iPhone
		AppStore|iPhoneSimulator = AppStore|iPhoneSimulator
		AppStore|x64 = AppStore|x64
		AppStore|x86 = AppStore|x86
		Debug|Any CPU = Debug|Any CPU
		Debug|ARM = Debug|ARM
		Debug|ARM64 = Debug|ARM64
		Debug|iPhone = Debug|iPhone
		Debug|iPhoneSimulator = Debug|iPhoneSimulator
		Debug|x64 = Debug|x64
		Debug|x86 = Debug|x86
		Release|Any CPU = Release|Any CPU
		Release|ARM = Release|ARM
		Release|ARM64 = Release|ARM64
		Release|iPhone = Release|iPhone
		Release|iPhoneSimulator = Release|iPhoneSimulator
		Release|x64 = Release|x64
		Release|x86 = Release|x86
	EndGlobalSection
	GlobalSection(ProjectConfigurationPlatforms) = postSolution
		{000588F5-F55D-472C-AA49-B0C48F1DE634}.Ad-Hoc|Any CPU.ActiveCfg = Debug|Any CPU
		{000588F5-F55D-472C-AA49-B0C48F1DE634}.Ad-Hoc|Any CPU.Build.0 = Debug|Any CPU
		{000588F5-F55D-472C-AA49-B0C48F1DE634}.Ad-Hoc|Any CPU.Deploy.0 = Debug|Any CPU
		{000588F5-F55D-472C-AA49-B0C48F1DE634}.Ad-Hoc|ARM.ActiveCfg = Debug|Any CPU
		{000588F5-F55D-472C-AA49-B0C48F1DE634}.Ad-Hoc|ARM.Build.0 = Debug|Any CPU
		{000588F5-F55D-472C-AA49-B0C48F1DE634}.Ad-Hoc|ARM.Deploy.0 = Debug|Any CPU
		{000588F5-F55D-472C-AA49-B0C48F1DE634}.Ad-Hoc|ARM64.ActiveCfg = Debug|Any CPU
		{000588F5-F55D-472C-AA49-B0C48F1DE634}.Ad-Hoc|ARM64.Build.0 = Debug|Any CPU
		{000588F5-F55D-472C-AA49-B0C48F1DE634}.Ad-Hoc|ARM64.Deploy.0 = Debug|Any CPU
		{000588F5-F55D-472C-AA49-B0C48F1DE634}.Ad-Hoc|iPhone.ActiveCfg = Debug|Any CPU
		{000588F5-F55D-472C-AA49-B0C48F1DE634}.Ad-Hoc|iPhone.Build.0 = Debug|Any CPU
		{000588F5-F55D-472C-AA49-B0C48F1DE634}.Ad-Hoc|iPhone.Deploy.0 = Debug|Any CPU
		{000588F5-F55D-472C-AA49-B0C48F1DE634}.Ad-Hoc|iPhoneSimulator.ActiveCfg = Debug|Any CPU
		{000588F5-F55D-472C-AA49-B0C48F1DE634}.Ad-Hoc|iPhoneSimulator.Build.0 = Debug|Any CPU
		{000588F5-F55D-472C-AA49-B0C48F1DE634}.Ad-Hoc|iPhoneSimulator.Deploy.0 = Debug|Any CPU
		{000588F5-F55D-472C-AA49-B0C48F1DE634}.Ad-Hoc|x64.ActiveCfg = Debug|Any CPU
		{000588F5-F55D-472C-AA49-B0C48F1DE634}.Ad-Hoc|x64.Build.0 = Debug|Any CPU
		{000588F5-F55D-472C-AA49-B0C48F1DE634}.Ad-Hoc|x64.Deploy.0 = Debug|Any CPU
		{000588F5-F55D-472C-AA49-B0C48F1DE634}.Ad-Hoc|x86.ActiveCfg = Debug|Any CPU
		{000588F5-F55D-472C-AA49-B0C48F1DE634}.Ad-Hoc|x86.Build.0 = Debug|Any CPU
		{000588F5-F55D-472C-AA49-B0C48F1DE634}.Ad-Hoc|x86.Deploy.0 = Debug|Any CPU
		{000588F5-F55D-472C-AA49-B0C48F1DE634}.AppStore|Any CPU.ActiveCfg = Debug|Any CPU
		{000588F5-F55D-472C-AA49-B0C48F1DE634}.AppStore|Any CPU.Build.0 = Debug|Any CPU
		{000588F5-F55D-472C-AA49-B0C48F1DE634}.AppStore|Any CPU.Deploy.0 = Debug|Any CPU
		{000588F5-F55D-472C-AA49-B0C48F1DE634}.AppStore|ARM.ActiveCfg = Debug|Any CPU
		{000588F5-F55D-472C-AA49-B0C48F1DE634}.AppStore|ARM.Build.0 = Debug|Any CPU
		{000588F5-F55D-472C-AA49-B0C48F1DE634}.AppStore|ARM.Deploy.0 = Debug|Any CPU
		{000588F5-F55D-472C-AA49-B0C48F1DE634}.AppStore|ARM64.ActiveCfg = Debug|Any CPU
		{000588F5-F55D-472C-AA49-B0C48F1DE634}.AppStore|ARM64.Build.0 = Debug|Any CPU
		{000588F5-F55D-472C-AA49-B0C48F1DE634}.AppStore|ARM64.Deploy.0 = Debug|Any CPU
		{000588F5-F55D-472C-AA49-B0C48F1DE634}.AppStore|iPhone.ActiveCfg = Debug|Any CPU
		{000588F5-F55D-472C-AA49-B0C48F1DE634}.AppStore|iPhone.Build.0 = Debug|Any CPU
		{000588F5-F55D-472C-AA49-B0C48F1DE634}.AppStore|iPhone.Deploy.0 = Debug|Any CPU
		{000588F5-F55D-472C-AA49-B0C48F1DE634}.AppStore|iPhoneSimulator.ActiveCfg = Debug|Any CPU
		{000588F5-F55D-472C-AA49-B0C48F1DE634}.AppStore|iPhoneSimulator.Build.0 = Debug|Any CPU
		{000588F5-F55D-472C-AA49-B0C48F1DE634}.AppStore|iPhoneSimulator.Deploy.0 = Debug|Any CPU
		{000588F5-F55D-472C-AA49-B0C48F1DE634}.AppStore|x64.ActiveCfg = Debug|Any CPU
		{000588F5-F55D-472C-AA49-B0C48F1DE634}.AppStore|x64.Build.0 = Debug|Any CPU
		{000588F5-F55D-472C-AA49-B0C48F1DE634}.AppStore|x64.Deploy.0 = Debug|Any CPU
		{000588F5-F55D-472C-AA49-B0C48F1DE634}.AppStore|x86.ActiveCfg = Debug|Any CPU
		{000588F5-F55D-472C-AA49-B0C48F1DE634}.AppStore|x86.Build.0 = Debug|Any CPU
		{000588F5-F55D-472C-AA49-B0C48F1DE634}.AppStore|x86.Deploy.0 = Debug|Any CPU
		{000588F5-F55D-472C-AA49-B0C48F1DE634}.Debug|Any CPU.ActiveCfg = Debug|Any CPU
		{000588F5-F55D-472C-AA49-B0C48F1DE634}.Debug|Any CPU.Build.0 = Debug|Any CPU
		{000588F5-F55D-472C-AA49-B0C48F1DE634}.Debug|Any CPU.Deploy.0 = Debug|Any CPU
		{000588F5-F55D-472C-AA49-B0C48F1DE634}.Debug|ARM.ActiveCfg = Debug|Any CPU
		{000588F5-F55D-472C-AA49-B0C48F1DE634}.Debug|ARM.Build.0 = Debug|Any CPU
		{000588F5-F55D-472C-AA49-B0C48F1DE634}.Debug|ARM.Deploy.0 = Debug|Any CPU
		{000588F5-F55D-472C-AA49-B0C48F1DE634}.Debug|ARM64.ActiveCfg = Debug|Any CPU
		{000588F5-F55D-472C-AA49-B0C48F1DE634}.Debug|ARM64.Build.0 = Debug|Any CPU
		{000588F5-F55D-472C-AA49-B0C48F1DE634}.Debug|ARM64.Deploy.0 = Debug|Any CPU
		{000588F5-F55D-472C-AA49-B0C48F1DE634}.Debug|iPhone.ActiveCfg = Debug|Any CPU
		{000588F5-F55D-472C-AA49-B0C48F1DE634}.Debug|iPhone.Build.0 = Debug|Any CPU
		{000588F5-F55D-472C-AA49-B0C48F1DE634}.Debug|iPhone.Deploy.0 = Debug|Any CPU
		{000588F5-F55D-472C-AA49-B0C48F1DE634}.Debug|iPhoneSimulator.ActiveCfg = Debug|Any CPU
		{000588F5-F55D-472C-AA49-B0C48F1DE634}.Debug|iPhoneSimulator.Build.0 = Debug|Any CPU
		{000588F5-F55D-472C-AA49-B0C48F1DE634}.Debug|iPhoneSimulator.Deploy.0 = Debug|Any CPU
		{000588F5-F55D-472C-AA49-B0C48F1DE634}.Debug|x64.ActiveCfg = Debug|Any CPU
		{000588F5-F55D-472C-AA49-B0C48F1DE634}.Debug|x64.Build.0 = Debug|Any CPU
		{000588F5-F55D-472C-AA49-B0C48F1DE634}.Debug|x64.Deploy.0 = Debug|Any CPU
		{000588F5-F55D-472C-AA49-B0C48F1DE634}.Debug|x86.ActiveCfg = Debug|Any CPU
		{000588F5-F55D-472C-AA49-B0C48F1DE634}.Release|Any CPU.ActiveCfg = Release|Any CPU
		{000588F5-F55D-472C-AA49-B0C48F1DE634}.Release|Any CPU.Build.0 = Release|Any CPU
		{000588F5-F55D-472C-AA49-B0C48F1DE634}.Release|Any CPU.Deploy.0 = Release|Any CPU
		{000588F5-F55D-472C-AA49-B0C48F1DE634}.Release|ARM.ActiveCfg = Release|Any CPU
		{000588F5-F55D-472C-AA49-B0C48F1DE634}.Release|ARM.Build.0 = Release|Any CPU
		{000588F5-F55D-472C-AA49-B0C48F1DE634}.Release|ARM.Deploy.0 = Release|Any CPU
		{000588F5-F55D-472C-AA49-B0C48F1DE634}.Release|ARM64.ActiveCfg = Release|Any CPU
		{000588F5-F55D-472C-AA49-B0C48F1DE634}.Release|ARM64.Build.0 = Release|Any CPU
		{000588F5-F55D-472C-AA49-B0C48F1DE634}.Release|ARM64.Deploy.0 = Release|Any CPU
		{000588F5-F55D-472C-AA49-B0C48F1DE634}.Release|iPhone.ActiveCfg = Release|Any CPU
		{000588F5-F55D-472C-AA49-B0C48F1DE634}.Release|iPhone.Build.0 = Release|Any CPU
		{000588F5-F55D-472C-AA49-B0C48F1DE634}.Release|iPhone.Deploy.0 = Release|Any CPU
		{000588F5-F55D-472C-AA49-B0C48F1DE634}.Release|iPhoneSimulator.ActiveCfg = Release|Any CPU
		{000588F5-F55D-472C-AA49-B0C48F1DE634}.Release|iPhoneSimulator.Build.0 = Release|Any CPU
		{000588F5-F55D-472C-AA49-B0C48F1DE634}.Release|iPhoneSimulator.Deploy.0 = Release|Any CPU
		{000588F5-F55D-472C-AA49-B0C48F1DE634}.Release|x64.ActiveCfg = Release|Any CPU
		{000588F5-F55D-472C-AA49-B0C48F1DE634}.Release|x64.Build.0 = Release|Any CPU
		{000588F5-F55D-472C-AA49-B0C48F1DE634}.Release|x64.Deploy.0 = Release|Any CPU
		{000588F5-F55D-472C-AA49-B0C48F1DE634}.Release|x86.ActiveCfg = Release|Any CPU
		{000588F5-F55D-472C-AA49-B0C48F1DE634}.Release|x86.Build.0 = Release|Any CPU
		{000588F5-F55D-472C-AA49-B0C48F1DE634}.Release|x86.Deploy.0 = Release|Any CPU
		{55565B13-83BE-4E64-B7C1-0BFC0EB66C04}.Ad-Hoc|Any CPU.ActiveCfg = Ad-Hoc|iPhoneSimulator
		{55565B13-83BE-4E64-B7C1-0BFC0EB66C04}.Ad-Hoc|ARM.ActiveCfg = Ad-Hoc|iPhoneSimulator
		{55565B13-83BE-4E64-B7C1-0BFC0EB66C04}.Ad-Hoc|ARM64.ActiveCfg = Ad-Hoc|iPhoneSimulator
		{55565B13-83BE-4E64-B7C1-0BFC0EB66C04}.Ad-Hoc|iPhone.ActiveCfg = Ad-Hoc|iPhone
		{55565B13-83BE-4E64-B7C1-0BFC0EB66C04}.Ad-Hoc|iPhone.Build.0 = Ad-Hoc|iPhone
		{55565B13-83BE-4E64-B7C1-0BFC0EB66C04}.Ad-Hoc|iPhoneSimulator.ActiveCfg = Ad-Hoc|iPhoneSimulator
		{55565B13-83BE-4E64-B7C1-0BFC0EB66C04}.Ad-Hoc|iPhoneSimulator.Build.0 = Ad-Hoc|iPhoneSimulator
		{55565B13-83BE-4E64-B7C1-0BFC0EB66C04}.Ad-Hoc|x64.ActiveCfg = Ad-Hoc|iPhoneSimulator
		{55565B13-83BE-4E64-B7C1-0BFC0EB66C04}.Ad-Hoc|x86.ActiveCfg = Ad-Hoc|iPhoneSimulator
		{55565B13-83BE-4E64-B7C1-0BFC0EB66C04}.AppStore|Any CPU.ActiveCfg = AppStore|iPhoneSimulator
		{55565B13-83BE-4E64-B7C1-0BFC0EB66C04}.AppStore|ARM.ActiveCfg = AppStore|iPhoneSimulator
		{55565B13-83BE-4E64-B7C1-0BFC0EB66C04}.AppStore|ARM64.ActiveCfg = AppStore|iPhoneSimulator
		{55565B13-83BE-4E64-B7C1-0BFC0EB66C04}.AppStore|iPhone.ActiveCfg = AppStore|iPhone
		{55565B13-83BE-4E64-B7C1-0BFC0EB66C04}.AppStore|iPhone.Build.0 = AppStore|iPhone
		{55565B13-83BE-4E64-B7C1-0BFC0EB66C04}.AppStore|iPhoneSimulator.ActiveCfg = AppStore|iPhoneSimulator
		{55565B13-83BE-4E64-B7C1-0BFC0EB66C04}.AppStore|iPhoneSimulator.Build.0 = AppStore|iPhoneSimulator
		{55565B13-83BE-4E64-B7C1-0BFC0EB66C04}.AppStore|x64.ActiveCfg = AppStore|iPhoneSimulator
		{55565B13-83BE-4E64-B7C1-0BFC0EB66C04}.AppStore|x86.ActiveCfg = AppStore|iPhoneSimulator
		{55565B13-83BE-4E64-B7C1-0BFC0EB66C04}.Debug|Any CPU.ActiveCfg = Debug|iPhoneSimulator
		{55565B13-83BE-4E64-B7C1-0BFC0EB66C04}.Debug|ARM.ActiveCfg = Debug|iPhoneSimulator
		{55565B13-83BE-4E64-B7C1-0BFC0EB66C04}.Debug|ARM64.ActiveCfg = Debug|iPhoneSimulator
		{55565B13-83BE-4E64-B7C1-0BFC0EB66C04}.Debug|iPhone.ActiveCfg = Debug|iPhone
		{55565B13-83BE-4E64-B7C1-0BFC0EB66C04}.Debug|iPhone.Build.0 = Debug|iPhone
		{55565B13-83BE-4E64-B7C1-0BFC0EB66C04}.Debug|iPhoneSimulator.ActiveCfg = Debug|iPhoneSimulator
		{55565B13-83BE-4E64-B7C1-0BFC0EB66C04}.Debug|iPhoneSimulator.Build.0 = Debug|iPhoneSimulator
		{55565B13-83BE-4E64-B7C1-0BFC0EB66C04}.Debug|x64.ActiveCfg = Debug|iPhoneSimulator
		{55565B13-83BE-4E64-B7C1-0BFC0EB66C04}.Debug|x86.ActiveCfg = Debug|iPhoneSimulator
		{55565B13-83BE-4E64-B7C1-0BFC0EB66C04}.Release|Any CPU.ActiveCfg = Release|iPhoneSimulator
		{55565B13-83BE-4E64-B7C1-0BFC0EB66C04}.Release|ARM.ActiveCfg = Release|iPhoneSimulator
		{55565B13-83BE-4E64-B7C1-0BFC0EB66C04}.Release|ARM64.ActiveCfg = Release|iPhoneSimulator
		{55565B13-83BE-4E64-B7C1-0BFC0EB66C04}.Release|iPhone.ActiveCfg = Release|iPhone
		{55565B13-83BE-4E64-B7C1-0BFC0EB66C04}.Release|iPhone.Build.0 = Release|iPhone
		{55565B13-83BE-4E64-B7C1-0BFC0EB66C04}.Release|iPhoneSimulator.ActiveCfg = Release|iPhoneSimulator
		{55565B13-83BE-4E64-B7C1-0BFC0EB66C04}.Release|iPhoneSimulator.Build.0 = Release|iPhoneSimulator
		{55565B13-83BE-4E64-B7C1-0BFC0EB66C04}.Release|x64.ActiveCfg = Release|iPhoneSimulator
		{55565B13-83BE-4E64-B7C1-0BFC0EB66C04}.Release|x86.ActiveCfg = Release|iPhoneSimulator
		{12B3D5E3-9EBD-4F10-A144-271C468D983A}.Ad-Hoc|Any CPU.ActiveCfg = Debug|x86
		{12B3D5E3-9EBD-4F10-A144-271C468D983A}.Ad-Hoc|Any CPU.Build.0 = Debug|x86
		{12B3D5E3-9EBD-4F10-A144-271C468D983A}.Ad-Hoc|Any CPU.Deploy.0 = Debug|x86
		{12B3D5E3-9EBD-4F10-A144-271C468D983A}.Ad-Hoc|ARM.ActiveCfg = Debug|ARM
		{12B3D5E3-9EBD-4F10-A144-271C468D983A}.Ad-Hoc|ARM.Build.0 = Debug|ARM
		{12B3D5E3-9EBD-4F10-A144-271C468D983A}.Ad-Hoc|ARM.Deploy.0 = Debug|ARM
		{12B3D5E3-9EBD-4F10-A144-271C468D983A}.Ad-Hoc|ARM64.ActiveCfg = Debug|ARM64
		{12B3D5E3-9EBD-4F10-A144-271C468D983A}.Ad-Hoc|ARM64.Build.0 = Debug|ARM64
		{12B3D5E3-9EBD-4F10-A144-271C468D983A}.Ad-Hoc|ARM64.Deploy.0 = Debug|ARM64
		{12B3D5E3-9EBD-4F10-A144-271C468D983A}.Ad-Hoc|iPhone.ActiveCfg = Debug|x86
		{12B3D5E3-9EBD-4F10-A144-271C468D983A}.Ad-Hoc|iPhone.Build.0 = Debug|x86
		{12B3D5E3-9EBD-4F10-A144-271C468D983A}.Ad-Hoc|iPhone.Deploy.0 = Debug|x86
		{12B3D5E3-9EBD-4F10-A144-271C468D983A}.Ad-Hoc|iPhoneSimulator.ActiveCfg = Debug|x86
		{12B3D5E3-9EBD-4F10-A144-271C468D983A}.Ad-Hoc|iPhoneSimulator.Build.0 = Debug|x86
		{12B3D5E3-9EBD-4F10-A144-271C468D983A}.Ad-Hoc|iPhoneSimulator.Deploy.0 = Debug|x86
		{12B3D5E3-9EBD-4F10-A144-271C468D983A}.Ad-Hoc|x64.ActiveCfg = Debug|x64
		{12B3D5E3-9EBD-4F10-A144-271C468D983A}.Ad-Hoc|x64.Build.0 = Debug|x64
		{12B3D5E3-9EBD-4F10-A144-271C468D983A}.Ad-Hoc|x64.Deploy.0 = Debug|x64
		{12B3D5E3-9EBD-4F10-A144-271C468D983A}.Ad-Hoc|x86.ActiveCfg = Debug|x86
		{12B3D5E3-9EBD-4F10-A144-271C468D983A}.Ad-Hoc|x86.Build.0 = Debug|x86
		{12B3D5E3-9EBD-4F10-A144-271C468D983A}.Ad-Hoc|x86.Deploy.0 = Debug|x86
		{12B3D5E3-9EBD-4F10-A144-271C468D983A}.AppStore|Any CPU.ActiveCfg = Debug|x86
		{12B3D5E3-9EBD-4F10-A144-271C468D983A}.AppStore|Any CPU.Build.0 = Debug|x86
		{12B3D5E3-9EBD-4F10-A144-271C468D983A}.AppStore|Any CPU.Deploy.0 = Debug|x86
		{12B3D5E3-9EBD-4F10-A144-271C468D983A}.AppStore|ARM.ActiveCfg = Debug|ARM
		{12B3D5E3-9EBD-4F10-A144-271C468D983A}.AppStore|ARM.Build.0 = Debug|ARM
		{12B3D5E3-9EBD-4F10-A144-271C468D983A}.AppStore|ARM.Deploy.0 = Debug|ARM
		{12B3D5E3-9EBD-4F10-A144-271C468D983A}.AppStore|ARM64.ActiveCfg = Debug|ARM64
		{12B3D5E3-9EBD-4F10-A144-271C468D983A}.AppStore|ARM64.Build.0 = Debug|ARM64
		{12B3D5E3-9EBD-4F10-A144-271C468D983A}.AppStore|ARM64.Deploy.0 = Debug|ARM64
		{12B3D5E3-9EBD-4F10-A144-271C468D983A}.AppStore|iPhone.ActiveCfg = Debug|x86
		{12B3D5E3-9EBD-4F10-A144-271C468D983A}.AppStore|iPhone.Build.0 = Debug|x86
		{12B3D5E3-9EBD-4F10-A144-271C468D983A}.AppStore|iPhone.Deploy.0 = Debug|x86
		{12B3D5E3-9EBD-4F10-A144-271C468D983A}.AppStore|iPhoneSimulator.ActiveCfg = Debug|x86
		{12B3D5E3-9EBD-4F10-A144-271C468D983A}.AppStore|iPhoneSimulator.Build.0 = Debug|x86
		{12B3D5E3-9EBD-4F10-A144-271C468D983A}.AppStore|iPhoneSimulator.Deploy.0 = Debug|x86
		{12B3D5E3-9EBD-4F10-A144-271C468D983A}.AppStore|x64.ActiveCfg = Debug|x64
		{12B3D5E3-9EBD-4F10-A144-271C468D983A}.AppStore|x64.Build.0 = Debug|x64
		{12B3D5E3-9EBD-4F10-A144-271C468D983A}.AppStore|x64.Deploy.0 = Debug|x64
		{12B3D5E3-9EBD-4F10-A144-271C468D983A}.AppStore|x86.ActiveCfg = Debug|x86
		{12B3D5E3-9EBD-4F10-A144-271C468D983A}.AppStore|x86.Build.0 = Debug|x86
		{12B3D5E3-9EBD-4F10-A144-271C468D983A}.AppStore|x86.Deploy.0 = Debug|x86
		{12B3D5E3-9EBD-4F10-A144-271C468D983A}.Debug|Any CPU.ActiveCfg = Debug|x86
		{12B3D5E3-9EBD-4F10-A144-271C468D983A}.Debug|Any CPU.Build.0 = Debug|x86
		{12B3D5E3-9EBD-4F10-A144-271C468D983A}.Debug|Any CPU.Deploy.0 = Debug|x86
		{12B3D5E3-9EBD-4F10-A144-271C468D983A}.Debug|ARM.ActiveCfg = Debug|ARM
		{12B3D5E3-9EBD-4F10-A144-271C468D983A}.Debug|ARM.Build.0 = Debug|ARM
		{12B3D5E3-9EBD-4F10-A144-271C468D983A}.Debug|ARM.Deploy.0 = Debug|ARM
		{12B3D5E3-9EBD-4F10-A144-271C468D983A}.Debug|ARM64.ActiveCfg = Debug|ARM64
		{12B3D5E3-9EBD-4F10-A144-271C468D983A}.Debug|ARM64.Build.0 = Debug|ARM64
		{12B3D5E3-9EBD-4F10-A144-271C468D983A}.Debug|ARM64.Deploy.0 = Debug|ARM64
		{12B3D5E3-9EBD-4F10-A144-271C468D983A}.Debug|iPhone.ActiveCfg = Debug|x86
		{12B3D5E3-9EBD-4F10-A144-271C468D983A}.Debug|iPhoneSimulator.ActiveCfg = Debug|x86
		{12B3D5E3-9EBD-4F10-A144-271C468D983A}.Debug|x64.ActiveCfg = Debug|x64
		{12B3D5E3-9EBD-4F10-A144-271C468D983A}.Debug|x64.Build.0 = Debug|x64
		{12B3D5E3-9EBD-4F10-A144-271C468D983A}.Debug|x64.Deploy.0 = Debug|x64
		{12B3D5E3-9EBD-4F10-A144-271C468D983A}.Debug|x86.ActiveCfg = Debug|x86
		{12B3D5E3-9EBD-4F10-A144-271C468D983A}.Debug|x86.Build.0 = Debug|x86
		{12B3D5E3-9EBD-4F10-A144-271C468D983A}.Debug|x86.Deploy.0 = Debug|x86
		{12B3D5E3-9EBD-4F10-A144-271C468D983A}.Release|Any CPU.ActiveCfg = Release|x86
		{12B3D5E3-9EBD-4F10-A144-271C468D983A}.Release|ARM.ActiveCfg = Release|ARM
		{12B3D5E3-9EBD-4F10-A144-271C468D983A}.Release|ARM.Build.0 = Release|ARM
		{12B3D5E3-9EBD-4F10-A144-271C468D983A}.Release|ARM.Deploy.0 = Release|ARM
		{12B3D5E3-9EBD-4F10-A144-271C468D983A}.Release|ARM64.ActiveCfg = Release|ARM64
		{12B3D5E3-9EBD-4F10-A144-271C468D983A}.Release|ARM64.Build.0 = Release|ARM64
		{12B3D5E3-9EBD-4F10-A144-271C468D983A}.Release|ARM64.Deploy.0 = Release|ARM64
		{12B3D5E3-9EBD-4F10-A144-271C468D983A}.Release|iPhone.ActiveCfg = Release|x86
		{12B3D5E3-9EBD-4F10-A144-271C468D983A}.Release|iPhoneSimulator.ActiveCfg = Release|x86
		{12B3D5E3-9EBD-4F10-A144-271C468D983A}.Release|x64.ActiveCfg = Release|x64
		{12B3D5E3-9EBD-4F10-A144-271C468D983A}.Release|x64.Build.0 = Release|x64
		{12B3D5E3-9EBD-4F10-A144-271C468D983A}.Release|x64.Deploy.0 = Release|x64
		{12B3D5E3-9EBD-4F10-A144-271C468D983A}.Release|x86.ActiveCfg = Release|x86
		{12B3D5E3-9EBD-4F10-A144-271C468D983A}.Release|x86.Build.0 = Release|x86
		{12B3D5E3-9EBD-4F10-A144-271C468D983A}.Release|x86.Deploy.0 = Release|x86
		{8D85656B-9F35-459C-BFF4-6DACC6A997B8}.Ad-Hoc|Any CPU.ActiveCfg = Debug|Any CPU
		{8D85656B-9F35-459C-BFF4-6DACC6A997B8}.Ad-Hoc|Any CPU.Build.0 = Debug|Any CPU
		{8D85656B-9F35-459C-BFF4-6DACC6A997B8}.Ad-Hoc|ARM.ActiveCfg = Debug|Any CPU
		{8D85656B-9F35-459C-BFF4-6DACC6A997B8}.Ad-Hoc|ARM.Build.0 = Debug|Any CPU
		{8D85656B-9F35-459C-BFF4-6DACC6A997B8}.Ad-Hoc|ARM64.ActiveCfg = Debug|Any CPU
		{8D85656B-9F35-459C-BFF4-6DACC6A997B8}.Ad-Hoc|ARM64.Build.0 = Debug|Any CPU
		{8D85656B-9F35-459C-BFF4-6DACC6A997B8}.Ad-Hoc|iPhone.ActiveCfg = Debug|Any CPU
		{8D85656B-9F35-459C-BFF4-6DACC6A997B8}.Ad-Hoc|iPhone.Build.0 = Debug|Any CPU
		{8D85656B-9F35-459C-BFF4-6DACC6A997B8}.Ad-Hoc|iPhoneSimulator.ActiveCfg = Debug|Any CPU
		{8D85656B-9F35-459C-BFF4-6DACC6A997B8}.Ad-Hoc|iPhoneSimulator.Build.0 = Debug|Any CPU
		{8D85656B-9F35-459C-BFF4-6DACC6A997B8}.Ad-Hoc|x64.ActiveCfg = Debug|Any CPU
		{8D85656B-9F35-459C-BFF4-6DACC6A997B8}.Ad-Hoc|x64.Build.0 = Debug|Any CPU
		{8D85656B-9F35-459C-BFF4-6DACC6A997B8}.Ad-Hoc|x86.ActiveCfg = Debug|Any CPU
		{8D85656B-9F35-459C-BFF4-6DACC6A997B8}.Ad-Hoc|x86.Build.0 = Debug|Any CPU
		{8D85656B-9F35-459C-BFF4-6DACC6A997B8}.AppStore|Any CPU.ActiveCfg = Debug|Any CPU
		{8D85656B-9F35-459C-BFF4-6DACC6A997B8}.AppStore|Any CPU.Build.0 = Debug|Any CPU
		{8D85656B-9F35-459C-BFF4-6DACC6A997B8}.AppStore|ARM.ActiveCfg = Debug|Any CPU
		{8D85656B-9F35-459C-BFF4-6DACC6A997B8}.AppStore|ARM.Build.0 = Debug|Any CPU
		{8D85656B-9F35-459C-BFF4-6DACC6A997B8}.AppStore|ARM64.ActiveCfg = Debug|Any CPU
		{8D85656B-9F35-459C-BFF4-6DACC6A997B8}.AppStore|ARM64.Build.0 = Debug|Any CPU
		{8D85656B-9F35-459C-BFF4-6DACC6A997B8}.AppStore|iPhone.ActiveCfg = Debug|Any CPU
		{8D85656B-9F35-459C-BFF4-6DACC6A997B8}.AppStore|iPhone.Build.0 = Debug|Any CPU
		{8D85656B-9F35-459C-BFF4-6DACC6A997B8}.AppStore|iPhoneSimulator.ActiveCfg = Debug|Any CPU
		{8D85656B-9F35-459C-BFF4-6DACC6A997B8}.AppStore|iPhoneSimulator.Build.0 = Debug|Any CPU
		{8D85656B-9F35-459C-BFF4-6DACC6A997B8}.AppStore|x64.ActiveCfg = Debug|Any CPU
		{8D85656B-9F35-459C-BFF4-6DACC6A997B8}.AppStore|x64.Build.0 = Debug|Any CPU
		{8D85656B-9F35-459C-BFF4-6DACC6A997B8}.AppStore|x86.ActiveCfg = Debug|Any CPU
		{8D85656B-9F35-459C-BFF4-6DACC6A997B8}.AppStore|x86.Build.0 = Debug|Any CPU
		{8D85656B-9F35-459C-BFF4-6DACC6A997B8}.Debug|Any CPU.ActiveCfg = Debug|Any CPU
		{8D85656B-9F35-459C-BFF4-6DACC6A997B8}.Debug|Any CPU.Build.0 = Debug|Any CPU
		{8D85656B-9F35-459C-BFF4-6DACC6A997B8}.Debug|ARM.ActiveCfg = Debug|Any CPU
		{8D85656B-9F35-459C-BFF4-6DACC6A997B8}.Debug|ARM.Build.0 = Debug|Any CPU
		{8D85656B-9F35-459C-BFF4-6DACC6A997B8}.Debug|ARM64.ActiveCfg = Debug|Any CPU
		{8D85656B-9F35-459C-BFF4-6DACC6A997B8}.Debug|ARM64.Build.0 = Debug|Any CPU
		{8D85656B-9F35-459C-BFF4-6DACC6A997B8}.Debug|iPhone.ActiveCfg = Debug|Any CPU
		{8D85656B-9F35-459C-BFF4-6DACC6A997B8}.Debug|iPhone.Build.0 = Debug|Any CPU
		{8D85656B-9F35-459C-BFF4-6DACC6A997B8}.Debug|iPhoneSimulator.ActiveCfg = Debug|Any CPU
		{8D85656B-9F35-459C-BFF4-6DACC6A997B8}.Debug|iPhoneSimulator.Build.0 = Debug|Any CPU
		{8D85656B-9F35-459C-BFF4-6DACC6A997B8}.Debug|x64.ActiveCfg = Debug|Any CPU
		{8D85656B-9F35-459C-BFF4-6DACC6A997B8}.Debug|x64.Build.0 = Debug|Any CPU
		{8D85656B-9F35-459C-BFF4-6DACC6A997B8}.Debug|x86.ActiveCfg = Debug|Any CPU
		{8D85656B-9F35-459C-BFF4-6DACC6A997B8}.Debug|x86.Build.0 = Debug|Any CPU
		{8D85656B-9F35-459C-BFF4-6DACC6A997B8}.Release|Any CPU.ActiveCfg = Release|Any CPU
		{8D85656B-9F35-459C-BFF4-6DACC6A997B8}.Release|Any CPU.Build.0 = Release|Any CPU
		{8D85656B-9F35-459C-BFF4-6DACC6A997B8}.Release|ARM.ActiveCfg = Release|Any CPU
		{8D85656B-9F35-459C-BFF4-6DACC6A997B8}.Release|ARM.Build.0 = Release|Any CPU
		{8D85656B-9F35-459C-BFF4-6DACC6A997B8}.Release|ARM64.ActiveCfg = Release|Any CPU
		{8D85656B-9F35-459C-BFF4-6DACC6A997B8}.Release|ARM64.Build.0 = Release|Any CPU
		{8D85656B-9F35-459C-BFF4-6DACC6A997B8}.Release|iPhone.ActiveCfg = Release|Any CPU
		{8D85656B-9F35-459C-BFF4-6DACC6A997B8}.Release|iPhone.Build.0 = Release|Any CPU
		{8D85656B-9F35-459C-BFF4-6DACC6A997B8}.Release|iPhoneSimulator.ActiveCfg = Release|Any CPU
		{8D85656B-9F35-459C-BFF4-6DACC6A997B8}.Release|iPhoneSimulator.Build.0 = Release|Any CPU
		{8D85656B-9F35-459C-BFF4-6DACC6A997B8}.Release|x64.ActiveCfg = Release|Any CPU
		{8D85656B-9F35-459C-BFF4-6DACC6A997B8}.Release|x64.Build.0 = Release|Any CPU
		{8D85656B-9F35-459C-BFF4-6DACC6A997B8}.Release|x86.ActiveCfg = Release|Any CPU
		{8D85656B-9F35-459C-BFF4-6DACC6A997B8}.Release|x86.Build.0 = Release|Any CPU
		{E2A1E8E4-53BB-4D17-88AE-B01FF41DD9FA}.Ad-Hoc|Any CPU.ActiveCfg = Debug|iPhoneSimulator
		{E2A1E8E4-53BB-4D17-88AE-B01FF41DD9FA}.Ad-Hoc|Any CPU.Build.0 = Debug|iPhoneSimulator
		{E2A1E8E4-53BB-4D17-88AE-B01FF41DD9FA}.Ad-Hoc|ARM.ActiveCfg = Debug|iPhoneSimulator
		{E2A1E8E4-53BB-4D17-88AE-B01FF41DD9FA}.Ad-Hoc|ARM.Build.0 = Debug|iPhoneSimulator
		{E2A1E8E4-53BB-4D17-88AE-B01FF41DD9FA}.Ad-Hoc|ARM64.ActiveCfg = Debug|iPhoneSimulator
		{E2A1E8E4-53BB-4D17-88AE-B01FF41DD9FA}.Ad-Hoc|ARM64.Build.0 = Debug|iPhoneSimulator
		{E2A1E8E4-53BB-4D17-88AE-B01FF41DD9FA}.Ad-Hoc|iPhone.ActiveCfg = Debug|iPhoneSimulator
		{E2A1E8E4-53BB-4D17-88AE-B01FF41DD9FA}.Ad-Hoc|iPhone.Build.0 = Debug|iPhoneSimulator
		{E2A1E8E4-53BB-4D17-88AE-B01FF41DD9FA}.Ad-Hoc|iPhoneSimulator.ActiveCfg = Debug|iPhoneSimulator
		{E2A1E8E4-53BB-4D17-88AE-B01FF41DD9FA}.Ad-Hoc|iPhoneSimulator.Build.0 = Debug|iPhoneSimulator
		{E2A1E8E4-53BB-4D17-88AE-B01FF41DD9FA}.Ad-Hoc|x64.ActiveCfg = Debug|iPhoneSimulator
		{E2A1E8E4-53BB-4D17-88AE-B01FF41DD9FA}.Ad-Hoc|x64.Build.0 = Debug|iPhoneSimulator
		{E2A1E8E4-53BB-4D17-88AE-B01FF41DD9FA}.Ad-Hoc|x86.ActiveCfg = Debug|iPhoneSimulator
		{E2A1E8E4-53BB-4D17-88AE-B01FF41DD9FA}.Ad-Hoc|x86.Build.0 = Debug|iPhoneSimulator
		{E2A1E8E4-53BB-4D17-88AE-B01FF41DD9FA}.AppStore|Any CPU.ActiveCfg = Debug|iPhoneSimulator
		{E2A1E8E4-53BB-4D17-88AE-B01FF41DD9FA}.AppStore|Any CPU.Build.0 = Debug|iPhoneSimulator
		{E2A1E8E4-53BB-4D17-88AE-B01FF41DD9FA}.AppStore|ARM.ActiveCfg = Debug|iPhoneSimulator
		{E2A1E8E4-53BB-4D17-88AE-B01FF41DD9FA}.AppStore|ARM.Build.0 = Debug|iPhoneSimulator
		{E2A1E8E4-53BB-4D17-88AE-B01FF41DD9FA}.AppStore|ARM64.ActiveCfg = Debug|iPhoneSimulator
		{E2A1E8E4-53BB-4D17-88AE-B01FF41DD9FA}.AppStore|ARM64.Build.0 = Debug|iPhoneSimulator
		{E2A1E8E4-53BB-4D17-88AE-B01FF41DD9FA}.AppStore|iPhone.ActiveCfg = Debug|iPhoneSimulator
		{E2A1E8E4-53BB-4D17-88AE-B01FF41DD9FA}.AppStore|iPhone.Build.0 = Debug|iPhoneSimulator
		{E2A1E8E4-53BB-4D17-88AE-B01FF41DD9FA}.AppStore|iPhoneSimulator.ActiveCfg = Debug|iPhoneSimulator
		{E2A1E8E4-53BB-4D17-88AE-B01FF41DD9FA}.AppStore|iPhoneSimulator.Build.0 = Debug|iPhoneSimulator
		{E2A1E8E4-53BB-4D17-88AE-B01FF41DD9FA}.AppStore|x64.ActiveCfg = Debug|iPhoneSimulator
		{E2A1E8E4-53BB-4D17-88AE-B01FF41DD9FA}.AppStore|x64.Build.0 = Debug|iPhoneSimulator
		{E2A1E8E4-53BB-4D17-88AE-B01FF41DD9FA}.AppStore|x86.ActiveCfg = Debug|iPhoneSimulator
		{E2A1E8E4-53BB-4D17-88AE-B01FF41DD9FA}.AppStore|x86.Build.0 = Debug|iPhoneSimulator
		{E2A1E8E4-53BB-4D17-88AE-B01FF41DD9FA}.Debug|Any CPU.ActiveCfg = Debug|iPhoneSimulator
		{E2A1E8E4-53BB-4D17-88AE-B01FF41DD9FA}.Debug|ARM.ActiveCfg = Debug|iPhoneSimulator
		{E2A1E8E4-53BB-4D17-88AE-B01FF41DD9FA}.Debug|ARM64.ActiveCfg = Debug|iPhoneSimulator
		{E2A1E8E4-53BB-4D17-88AE-B01FF41DD9FA}.Debug|iPhone.ActiveCfg = Debug|iPhoneSimulator
		{E2A1E8E4-53BB-4D17-88AE-B01FF41DD9FA}.Debug|iPhoneSimulator.ActiveCfg = Debug|iPhoneSimulator
		{E2A1E8E4-53BB-4D17-88AE-B01FF41DD9FA}.Debug|iPhoneSimulator.Build.0 = Debug|iPhoneSimulator
		{E2A1E8E4-53BB-4D17-88AE-B01FF41DD9FA}.Debug|x64.ActiveCfg = Debug|iPhoneSimulator
		{E2A1E8E4-53BB-4D17-88AE-B01FF41DD9FA}.Debug|x86.ActiveCfg = Debug|iPhoneSimulator
		{E2A1E8E4-53BB-4D17-88AE-B01FF41DD9FA}.Release|Any CPU.ActiveCfg = Release|iPhoneSimulator
		{E2A1E8E4-53BB-4D17-88AE-B01FF41DD9FA}.Release|ARM.ActiveCfg = Release|iPhoneSimulator
		{E2A1E8E4-53BB-4D17-88AE-B01FF41DD9FA}.Release|ARM64.ActiveCfg = Release|iPhoneSimulator
		{E2A1E8E4-53BB-4D17-88AE-B01FF41DD9FA}.Release|iPhone.ActiveCfg = Release|iPhoneSimulator
		{E2A1E8E4-53BB-4D17-88AE-B01FF41DD9FA}.Release|iPhoneSimulator.ActiveCfg = Release|iPhoneSimulator
		{E2A1E8E4-53BB-4D17-88AE-B01FF41DD9FA}.Release|iPhoneSimulator.Build.0 = Release|iPhoneSimulator
		{E2A1E8E4-53BB-4D17-88AE-B01FF41DD9FA}.Release|x64.ActiveCfg = Release|iPhoneSimulator
		{E2A1E8E4-53BB-4D17-88AE-B01FF41DD9FA}.Release|x86.ActiveCfg = Release|iPhoneSimulator
		{E8331104-F935-4FD4-ADD3-51FF94775D92}.Ad-Hoc|Any CPU.ActiveCfg = Debug|Any CPU
		{E8331104-F935-4FD4-ADD3-51FF94775D92}.Ad-Hoc|Any CPU.Build.0 = Debug|Any CPU
		{E8331104-F935-4FD4-ADD3-51FF94775D92}.Ad-Hoc|ARM.ActiveCfg = Debug|Any CPU
		{E8331104-F935-4FD4-ADD3-51FF94775D92}.Ad-Hoc|ARM.Build.0 = Debug|Any CPU
		{E8331104-F935-4FD4-ADD3-51FF94775D92}.Ad-Hoc|ARM64.ActiveCfg = Debug|Any CPU
		{E8331104-F935-4FD4-ADD3-51FF94775D92}.Ad-Hoc|ARM64.Build.0 = Debug|Any CPU
		{E8331104-F935-4FD4-ADD3-51FF94775D92}.Ad-Hoc|iPhone.ActiveCfg = Debug|Any CPU
		{E8331104-F935-4FD4-ADD3-51FF94775D92}.Ad-Hoc|iPhone.Build.0 = Debug|Any CPU
		{E8331104-F935-4FD4-ADD3-51FF94775D92}.Ad-Hoc|iPhoneSimulator.ActiveCfg = Debug|Any CPU
		{E8331104-F935-4FD4-ADD3-51FF94775D92}.Ad-Hoc|iPhoneSimulator.Build.0 = Debug|Any CPU
		{E8331104-F935-4FD4-ADD3-51FF94775D92}.Ad-Hoc|x64.ActiveCfg = Debug|Any CPU
		{E8331104-F935-4FD4-ADD3-51FF94775D92}.Ad-Hoc|x64.Build.0 = Debug|Any CPU
		{E8331104-F935-4FD4-ADD3-51FF94775D92}.Ad-Hoc|x86.ActiveCfg = Debug|Any CPU
		{E8331104-F935-4FD4-ADD3-51FF94775D92}.Ad-Hoc|x86.Build.0 = Debug|Any CPU
		{E8331104-F935-4FD4-ADD3-51FF94775D92}.AppStore|Any CPU.ActiveCfg = Debug|Any CPU
		{E8331104-F935-4FD4-ADD3-51FF94775D92}.AppStore|Any CPU.Build.0 = Debug|Any CPU
		{E8331104-F935-4FD4-ADD3-51FF94775D92}.AppStore|ARM.ActiveCfg = Debug|Any CPU
		{E8331104-F935-4FD4-ADD3-51FF94775D92}.AppStore|ARM.Build.0 = Debug|Any CPU
		{E8331104-F935-4FD4-ADD3-51FF94775D92}.AppStore|ARM64.ActiveCfg = Debug|Any CPU
		{E8331104-F935-4FD4-ADD3-51FF94775D92}.AppStore|ARM64.Build.0 = Debug|Any CPU
		{E8331104-F935-4FD4-ADD3-51FF94775D92}.AppStore|iPhone.ActiveCfg = Debug|Any CPU
		{E8331104-F935-4FD4-ADD3-51FF94775D92}.AppStore|iPhone.Build.0 = Debug|Any CPU
		{E8331104-F935-4FD4-ADD3-51FF94775D92}.AppStore|iPhoneSimulator.ActiveCfg = Debug|Any CPU
		{E8331104-F935-4FD4-ADD3-51FF94775D92}.AppStore|iPhoneSimulator.Build.0 = Debug|Any CPU
		{E8331104-F935-4FD4-ADD3-51FF94775D92}.AppStore|x64.ActiveCfg = Debug|Any CPU
		{E8331104-F935-4FD4-ADD3-51FF94775D92}.AppStore|x64.Build.0 = Debug|Any CPU
		{E8331104-F935-4FD4-ADD3-51FF94775D92}.AppStore|x86.ActiveCfg = Debug|Any CPU
		{E8331104-F935-4FD4-ADD3-51FF94775D92}.AppStore|x86.Build.0 = Debug|Any CPU
		{E8331104-F935-4FD4-ADD3-51FF94775D92}.Debug|Any CPU.ActiveCfg = Debug|Any CPU
		{E8331104-F935-4FD4-ADD3-51FF94775D92}.Debug|Any CPU.Build.0 = Debug|Any CPU
		{E8331104-F935-4FD4-ADD3-51FF94775D92}.Debug|ARM.ActiveCfg = Debug|Any CPU
		{E8331104-F935-4FD4-ADD3-51FF94775D92}.Debug|ARM.Build.0 = Debug|Any CPU
		{E8331104-F935-4FD4-ADD3-51FF94775D92}.Debug|ARM64.ActiveCfg = Debug|Any CPU
		{E8331104-F935-4FD4-ADD3-51FF94775D92}.Debug|ARM64.Build.0 = Debug|Any CPU
		{E8331104-F935-4FD4-ADD3-51FF94775D92}.Debug|iPhone.ActiveCfg = Debug|Any CPU
		{E8331104-F935-4FD4-ADD3-51FF94775D92}.Debug|iPhone.Build.0 = Debug|Any CPU
		{E8331104-F935-4FD4-ADD3-51FF94775D92}.Debug|iPhoneSimulator.ActiveCfg = Debug|Any CPU
		{E8331104-F935-4FD4-ADD3-51FF94775D92}.Debug|iPhoneSimulator.Build.0 = Debug|Any CPU
		{E8331104-F935-4FD4-ADD3-51FF94775D92}.Debug|x64.ActiveCfg = Debug|Any CPU
		{E8331104-F935-4FD4-ADD3-51FF94775D92}.Debug|x64.Build.0 = Debug|Any CPU
		{E8331104-F935-4FD4-ADD3-51FF94775D92}.Debug|x86.ActiveCfg = Debug|Any CPU
		{E8331104-F935-4FD4-ADD3-51FF94775D92}.Release|Any CPU.ActiveCfg = Release|Any CPU
		{E8331104-F935-4FD4-ADD3-51FF94775D92}.Release|Any CPU.Build.0 = Release|Any CPU
		{E8331104-F935-4FD4-ADD3-51FF94775D92}.Release|ARM.ActiveCfg = Release|Any CPU
		{E8331104-F935-4FD4-ADD3-51FF94775D92}.Release|ARM.Build.0 = Release|Any CPU
		{E8331104-F935-4FD4-ADD3-51FF94775D92}.Release|ARM64.ActiveCfg = Release|Any CPU
		{E8331104-F935-4FD4-ADD3-51FF94775D92}.Release|ARM64.Build.0 = Release|Any CPU
		{E8331104-F935-4FD4-ADD3-51FF94775D92}.Release|iPhone.ActiveCfg = Release|Any CPU
		{E8331104-F935-4FD4-ADD3-51FF94775D92}.Release|iPhone.Build.0 = Release|Any CPU
		{E8331104-F935-4FD4-ADD3-51FF94775D92}.Release|iPhoneSimulator.ActiveCfg = Release|Any CPU
		{E8331104-F935-4FD4-ADD3-51FF94775D92}.Release|iPhoneSimulator.Build.0 = Release|Any CPU
		{E8331104-F935-4FD4-ADD3-51FF94775D92}.Release|x64.ActiveCfg = Release|Any CPU
		{E8331104-F935-4FD4-ADD3-51FF94775D92}.Release|x64.Build.0 = Release|Any CPU
		{E8331104-F935-4FD4-ADD3-51FF94775D92}.Release|x86.ActiveCfg = Release|Any CPU
		{E8331104-F935-4FD4-ADD3-51FF94775D92}.Release|x86.Build.0 = Release|Any CPU
		{40D11CE6-E8AE-4137-8A72-88A8FD4210E3}.Ad-Hoc|Any CPU.ActiveCfg = Debug|Any CPU
		{40D11CE6-E8AE-4137-8A72-88A8FD4210E3}.Ad-Hoc|Any CPU.Build.0 = Debug|Any CPU
		{40D11CE6-E8AE-4137-8A72-88A8FD4210E3}.Ad-Hoc|ARM.ActiveCfg = Debug|Any CPU
		{40D11CE6-E8AE-4137-8A72-88A8FD4210E3}.Ad-Hoc|ARM.Build.0 = Debug|Any CPU
		{40D11CE6-E8AE-4137-8A72-88A8FD4210E3}.Ad-Hoc|ARM64.ActiveCfg = Debug|Any CPU
		{40D11CE6-E8AE-4137-8A72-88A8FD4210E3}.Ad-Hoc|ARM64.Build.0 = Debug|Any CPU
		{40D11CE6-E8AE-4137-8A72-88A8FD4210E3}.Ad-Hoc|iPhone.ActiveCfg = Debug|Any CPU
		{40D11CE6-E8AE-4137-8A72-88A8FD4210E3}.Ad-Hoc|iPhone.Build.0 = Debug|Any CPU
		{40D11CE6-E8AE-4137-8A72-88A8FD4210E3}.Ad-Hoc|iPhoneSimulator.ActiveCfg = Debug|Any CPU
		{40D11CE6-E8AE-4137-8A72-88A8FD4210E3}.Ad-Hoc|iPhoneSimulator.Build.0 = Debug|Any CPU
		{40D11CE6-E8AE-4137-8A72-88A8FD4210E3}.Ad-Hoc|x64.ActiveCfg = Debug|Any CPU
		{40D11CE6-E8AE-4137-8A72-88A8FD4210E3}.Ad-Hoc|x64.Build.0 = Debug|Any CPU
		{40D11CE6-E8AE-4137-8A72-88A8FD4210E3}.Ad-Hoc|x86.ActiveCfg = Debug|Any CPU
		{40D11CE6-E8AE-4137-8A72-88A8FD4210E3}.Ad-Hoc|x86.Build.0 = Debug|Any CPU
		{40D11CE6-E8AE-4137-8A72-88A8FD4210E3}.AppStore|Any CPU.ActiveCfg = Debug|Any CPU
		{40D11CE6-E8AE-4137-8A72-88A8FD4210E3}.AppStore|Any CPU.Build.0 = Debug|Any CPU
		{40D11CE6-E8AE-4137-8A72-88A8FD4210E3}.AppStore|ARM.ActiveCfg = Debug|Any CPU
		{40D11CE6-E8AE-4137-8A72-88A8FD4210E3}.AppStore|ARM.Build.0 = Debug|Any CPU
		{40D11CE6-E8AE-4137-8A72-88A8FD4210E3}.AppStore|ARM64.ActiveCfg = Debug|Any CPU
		{40D11CE6-E8AE-4137-8A72-88A8FD4210E3}.AppStore|ARM64.Build.0 = Debug|Any CPU
		{40D11CE6-E8AE-4137-8A72-88A8FD4210E3}.AppStore|iPhone.ActiveCfg = Debug|Any CPU
		{40D11CE6-E8AE-4137-8A72-88A8FD4210E3}.AppStore|iPhone.Build.0 = Debug|Any CPU
		{40D11CE6-E8AE-4137-8A72-88A8FD4210E3}.AppStore|iPhoneSimulator.ActiveCfg = Debug|Any CPU
		{40D11CE6-E8AE-4137-8A72-88A8FD4210E3}.AppStore|iPhoneSimulator.Build.0 = Debug|Any CPU
		{40D11CE6-E8AE-4137-8A72-88A8FD4210E3}.AppStore|x64.ActiveCfg = Debug|Any CPU
		{40D11CE6-E8AE-4137-8A72-88A8FD4210E3}.AppStore|x64.Build.0 = Debug|Any CPU
		{40D11CE6-E8AE-4137-8A72-88A8FD4210E3}.AppStore|x86.ActiveCfg = Debug|Any CPU
		{40D11CE6-E8AE-4137-8A72-88A8FD4210E3}.AppStore|x86.Build.0 = Debug|Any CPU
		{40D11CE6-E8AE-4137-8A72-88A8FD4210E3}.Debug|Any CPU.ActiveCfg = Debug|Any CPU
		{40D11CE6-E8AE-4137-8A72-88A8FD4210E3}.Debug|Any CPU.Build.0 = Debug|Any CPU
		{40D11CE6-E8AE-4137-8A72-88A8FD4210E3}.Debug|ARM.ActiveCfg = Debug|Any CPU
		{40D11CE6-E8AE-4137-8A72-88A8FD4210E3}.Debug|ARM.Build.0 = Debug|Any CPU
		{40D11CE6-E8AE-4137-8A72-88A8FD4210E3}.Debug|ARM64.ActiveCfg = Debug|Any CPU
		{40D11CE6-E8AE-4137-8A72-88A8FD4210E3}.Debug|ARM64.Build.0 = Debug|Any CPU
		{40D11CE6-E8AE-4137-8A72-88A8FD4210E3}.Debug|iPhone.ActiveCfg = Debug|Any CPU
		{40D11CE6-E8AE-4137-8A72-88A8FD4210E3}.Debug|iPhone.Build.0 = Debug|Any CPU
		{40D11CE6-E8AE-4137-8A72-88A8FD4210E3}.Debug|iPhoneSimulator.ActiveCfg = Debug|Any CPU
		{40D11CE6-E8AE-4137-8A72-88A8FD4210E3}.Debug|iPhoneSimulator.Build.0 = Debug|Any CPU
		{40D11CE6-E8AE-4137-8A72-88A8FD4210E3}.Debug|x64.ActiveCfg = Debug|Any CPU
		{40D11CE6-E8AE-4137-8A72-88A8FD4210E3}.Debug|x64.Build.0 = Debug|Any CPU
		{40D11CE6-E8AE-4137-8A72-88A8FD4210E3}.Debug|x86.ActiveCfg = Debug|Any CPU
		{40D11CE6-E8AE-4137-8A72-88A8FD4210E3}.Release|Any CPU.ActiveCfg = Release|Any CPU
		{40D11CE6-E8AE-4137-8A72-88A8FD4210E3}.Release|Any CPU.Build.0 = Release|Any CPU
		{40D11CE6-E8AE-4137-8A72-88A8FD4210E3}.Release|ARM.ActiveCfg = Release|Any CPU
		{40D11CE6-E8AE-4137-8A72-88A8FD4210E3}.Release|ARM.Build.0 = Release|Any CPU
		{40D11CE6-E8AE-4137-8A72-88A8FD4210E3}.Release|ARM64.ActiveCfg = Release|Any CPU
		{40D11CE6-E8AE-4137-8A72-88A8FD4210E3}.Release|ARM64.Build.0 = Release|Any CPU
		{40D11CE6-E8AE-4137-8A72-88A8FD4210E3}.Release|iPhone.ActiveCfg = Release|Any CPU
		{40D11CE6-E8AE-4137-8A72-88A8FD4210E3}.Release|iPhone.Build.0 = Release|Any CPU
		{40D11CE6-E8AE-4137-8A72-88A8FD4210E3}.Release|iPhoneSimulator.ActiveCfg = Release|Any CPU
		{40D11CE6-E8AE-4137-8A72-88A8FD4210E3}.Release|iPhoneSimulator.Build.0 = Release|Any CPU
		{40D11CE6-E8AE-4137-8A72-88A8FD4210E3}.Release|x64.ActiveCfg = Release|Any CPU
		{40D11CE6-E8AE-4137-8A72-88A8FD4210E3}.Release|x64.Build.0 = Release|Any CPU
		{40D11CE6-E8AE-4137-8A72-88A8FD4210E3}.Release|x86.ActiveCfg = Release|Any CPU
		{40D11CE6-E8AE-4137-8A72-88A8FD4210E3}.Release|x86.Build.0 = Release|Any CPU
		{CD59FA1E-14F3-44A6-B9ED-BB56F8ADDD49}.Ad-Hoc|Any CPU.ActiveCfg = Debug|Any CPU
		{CD59FA1E-14F3-44A6-B9ED-BB56F8ADDD49}.Ad-Hoc|Any CPU.Build.0 = Debug|Any CPU
		{CD59FA1E-14F3-44A6-B9ED-BB56F8ADDD49}.Ad-Hoc|ARM.ActiveCfg = Debug|Any CPU
		{CD59FA1E-14F3-44A6-B9ED-BB56F8ADDD49}.Ad-Hoc|ARM.Build.0 = Debug|Any CPU
		{CD59FA1E-14F3-44A6-B9ED-BB56F8ADDD49}.Ad-Hoc|ARM64.ActiveCfg = Debug|Any CPU
		{CD59FA1E-14F3-44A6-B9ED-BB56F8ADDD49}.Ad-Hoc|ARM64.Build.0 = Debug|Any CPU
		{CD59FA1E-14F3-44A6-B9ED-BB56F8ADDD49}.Ad-Hoc|iPhone.ActiveCfg = Debug|Any CPU
		{CD59FA1E-14F3-44A6-B9ED-BB56F8ADDD49}.Ad-Hoc|iPhone.Build.0 = Debug|Any CPU
		{CD59FA1E-14F3-44A6-B9ED-BB56F8ADDD49}.Ad-Hoc|iPhoneSimulator.ActiveCfg = Debug|Any CPU
		{CD59FA1E-14F3-44A6-B9ED-BB56F8ADDD49}.Ad-Hoc|iPhoneSimulator.Build.0 = Debug|Any CPU
		{CD59FA1E-14F3-44A6-B9ED-BB56F8ADDD49}.Ad-Hoc|x64.ActiveCfg = Debug|Any CPU
		{CD59FA1E-14F3-44A6-B9ED-BB56F8ADDD49}.Ad-Hoc|x64.Build.0 = Debug|Any CPU
		{CD59FA1E-14F3-44A6-B9ED-BB56F8ADDD49}.Ad-Hoc|x86.ActiveCfg = Debug|Any CPU
		{CD59FA1E-14F3-44A6-B9ED-BB56F8ADDD49}.Ad-Hoc|x86.Build.0 = Debug|Any CPU
		{CD59FA1E-14F3-44A6-B9ED-BB56F8ADDD49}.AppStore|Any CPU.ActiveCfg = Debug|Any CPU
		{CD59FA1E-14F3-44A6-B9ED-BB56F8ADDD49}.AppStore|Any CPU.Build.0 = Debug|Any CPU
		{CD59FA1E-14F3-44A6-B9ED-BB56F8ADDD49}.AppStore|ARM.ActiveCfg = Debug|Any CPU
		{CD59FA1E-14F3-44A6-B9ED-BB56F8ADDD49}.AppStore|ARM.Build.0 = Debug|Any CPU
		{CD59FA1E-14F3-44A6-B9ED-BB56F8ADDD49}.AppStore|ARM64.ActiveCfg = Debug|Any CPU
		{CD59FA1E-14F3-44A6-B9ED-BB56F8ADDD49}.AppStore|ARM64.Build.0 = Debug|Any CPU
		{CD59FA1E-14F3-44A6-B9ED-BB56F8ADDD49}.AppStore|iPhone.ActiveCfg = Debug|Any CPU
		{CD59FA1E-14F3-44A6-B9ED-BB56F8ADDD49}.AppStore|iPhone.Build.0 = Debug|Any CPU
		{CD59FA1E-14F3-44A6-B9ED-BB56F8ADDD49}.AppStore|iPhoneSimulator.ActiveCfg = Debug|Any CPU
		{CD59FA1E-14F3-44A6-B9ED-BB56F8ADDD49}.AppStore|iPhoneSimulator.Build.0 = Debug|Any CPU
		{CD59FA1E-14F3-44A6-B9ED-BB56F8ADDD49}.AppStore|x64.ActiveCfg = Debug|Any CPU
		{CD59FA1E-14F3-44A6-B9ED-BB56F8ADDD49}.AppStore|x64.Build.0 = Debug|Any CPU
		{CD59FA1E-14F3-44A6-B9ED-BB56F8ADDD49}.AppStore|x86.ActiveCfg = Debug|Any CPU
		{CD59FA1E-14F3-44A6-B9ED-BB56F8ADDD49}.AppStore|x86.Build.0 = Debug|Any CPU
		{CD59FA1E-14F3-44A6-B9ED-BB56F8ADDD49}.Debug|Any CPU.ActiveCfg = Debug|Any CPU
		{CD59FA1E-14F3-44A6-B9ED-BB56F8ADDD49}.Debug|Any CPU.Build.0 = Debug|Any CPU
		{CD59FA1E-14F3-44A6-B9ED-BB56F8ADDD49}.Debug|ARM.ActiveCfg = Debug|Any CPU
		{CD59FA1E-14F3-44A6-B9ED-BB56F8ADDD49}.Debug|ARM.Build.0 = Debug|Any CPU
		{CD59FA1E-14F3-44A6-B9ED-BB56F8ADDD49}.Debug|ARM64.ActiveCfg = Debug|Any CPU
		{CD59FA1E-14F3-44A6-B9ED-BB56F8ADDD49}.Debug|ARM64.Build.0 = Debug|Any CPU
		{CD59FA1E-14F3-44A6-B9ED-BB56F8ADDD49}.Debug|iPhone.ActiveCfg = Debug|Any CPU
		{CD59FA1E-14F3-44A6-B9ED-BB56F8ADDD49}.Debug|iPhone.Build.0 = Debug|Any CPU
		{CD59FA1E-14F3-44A6-B9ED-BB56F8ADDD49}.Debug|iPhoneSimulator.ActiveCfg = Debug|Any CPU
		{CD59FA1E-14F3-44A6-B9ED-BB56F8ADDD49}.Debug|iPhoneSimulator.Build.0 = Debug|Any CPU
		{CD59FA1E-14F3-44A6-B9ED-BB56F8ADDD49}.Debug|x64.ActiveCfg = Debug|Any CPU
		{CD59FA1E-14F3-44A6-B9ED-BB56F8ADDD49}.Debug|x64.Build.0 = Debug|Any CPU
		{CD59FA1E-14F3-44A6-B9ED-BB56F8ADDD49}.Debug|x86.ActiveCfg = Debug|Any CPU
		{CD59FA1E-14F3-44A6-B9ED-BB56F8ADDD49}.Release|Any CPU.ActiveCfg = Release|Any CPU
		{CD59FA1E-14F3-44A6-B9ED-BB56F8ADDD49}.Release|Any CPU.Build.0 = Release|Any CPU
		{CD59FA1E-14F3-44A6-B9ED-BB56F8ADDD49}.Release|ARM.ActiveCfg = Release|Any CPU
		{CD59FA1E-14F3-44A6-B9ED-BB56F8ADDD49}.Release|ARM.Build.0 = Release|Any CPU
		{CD59FA1E-14F3-44A6-B9ED-BB56F8ADDD49}.Release|ARM64.ActiveCfg = Release|Any CPU
		{CD59FA1E-14F3-44A6-B9ED-BB56F8ADDD49}.Release|ARM64.Build.0 = Release|Any CPU
		{CD59FA1E-14F3-44A6-B9ED-BB56F8ADDD49}.Release|iPhone.ActiveCfg = Release|Any CPU
		{CD59FA1E-14F3-44A6-B9ED-BB56F8ADDD49}.Release|iPhone.Build.0 = Release|Any CPU
		{CD59FA1E-14F3-44A6-B9ED-BB56F8ADDD49}.Release|iPhoneSimulator.ActiveCfg = Release|Any CPU
		{CD59FA1E-14F3-44A6-B9ED-BB56F8ADDD49}.Release|iPhoneSimulator.Build.0 = Release|Any CPU
		{CD59FA1E-14F3-44A6-B9ED-BB56F8ADDD49}.Release|x64.ActiveCfg = Release|Any CPU
		{CD59FA1E-14F3-44A6-B9ED-BB56F8ADDD49}.Release|x64.Build.0 = Release|Any CPU
		{CD59FA1E-14F3-44A6-B9ED-BB56F8ADDD49}.Release|x86.ActiveCfg = Release|Any CPU
		{CD59FA1E-14F3-44A6-B9ED-BB56F8ADDD49}.Release|x86.Build.0 = Release|Any CPU
		{B7DA4DB9-E2D1-42D6-9A50-620BE9A3D608}.Ad-Hoc|Any CPU.ActiveCfg = Debug|Any CPU
		{B7DA4DB9-E2D1-42D6-9A50-620BE9A3D608}.Ad-Hoc|Any CPU.Build.0 = Debug|Any CPU
		{B7DA4DB9-E2D1-42D6-9A50-620BE9A3D608}.Ad-Hoc|ARM.ActiveCfg = Debug|Any CPU
		{B7DA4DB9-E2D1-42D6-9A50-620BE9A3D608}.Ad-Hoc|ARM.Build.0 = Debug|Any CPU
		{B7DA4DB9-E2D1-42D6-9A50-620BE9A3D608}.Ad-Hoc|ARM64.ActiveCfg = Debug|Any CPU
		{B7DA4DB9-E2D1-42D6-9A50-620BE9A3D608}.Ad-Hoc|ARM64.Build.0 = Debug|Any CPU
		{B7DA4DB9-E2D1-42D6-9A50-620BE9A3D608}.Ad-Hoc|iPhone.ActiveCfg = Debug|Any CPU
		{B7DA4DB9-E2D1-42D6-9A50-620BE9A3D608}.Ad-Hoc|iPhone.Build.0 = Debug|Any CPU
		{B7DA4DB9-E2D1-42D6-9A50-620BE9A3D608}.Ad-Hoc|iPhoneSimulator.ActiveCfg = Debug|Any CPU
		{B7DA4DB9-E2D1-42D6-9A50-620BE9A3D608}.Ad-Hoc|iPhoneSimulator.Build.0 = Debug|Any CPU
		{B7DA4DB9-E2D1-42D6-9A50-620BE9A3D608}.Ad-Hoc|x64.ActiveCfg = Debug|Any CPU
		{B7DA4DB9-E2D1-42D6-9A50-620BE9A3D608}.Ad-Hoc|x64.Build.0 = Debug|Any CPU
		{B7DA4DB9-E2D1-42D6-9A50-620BE9A3D608}.Ad-Hoc|x86.ActiveCfg = Debug|Any CPU
		{B7DA4DB9-E2D1-42D6-9A50-620BE9A3D608}.Ad-Hoc|x86.Build.0 = Debug|Any CPU
		{B7DA4DB9-E2D1-42D6-9A50-620BE9A3D608}.AppStore|Any CPU.ActiveCfg = Debug|Any CPU
		{B7DA4DB9-E2D1-42D6-9A50-620BE9A3D608}.AppStore|Any CPU.Build.0 = Debug|Any CPU
		{B7DA4DB9-E2D1-42D6-9A50-620BE9A3D608}.AppStore|ARM.ActiveCfg = Debug|Any CPU
		{B7DA4DB9-E2D1-42D6-9A50-620BE9A3D608}.AppStore|ARM.Build.0 = Debug|Any CPU
		{B7DA4DB9-E2D1-42D6-9A50-620BE9A3D608}.AppStore|ARM64.ActiveCfg = Debug|Any CPU
		{B7DA4DB9-E2D1-42D6-9A50-620BE9A3D608}.AppStore|ARM64.Build.0 = Debug|Any CPU
		{B7DA4DB9-E2D1-42D6-9A50-620BE9A3D608}.AppStore|iPhone.ActiveCfg = Debug|Any CPU
		{B7DA4DB9-E2D1-42D6-9A50-620BE9A3D608}.AppStore|iPhone.Build.0 = Debug|Any CPU
		{B7DA4DB9-E2D1-42D6-9A50-620BE9A3D608}.AppStore|iPhoneSimulator.ActiveCfg = Debug|Any CPU
		{B7DA4DB9-E2D1-42D6-9A50-620BE9A3D608}.AppStore|iPhoneSimulator.Build.0 = Debug|Any CPU
		{B7DA4DB9-E2D1-42D6-9A50-620BE9A3D608}.AppStore|x64.ActiveCfg = Debug|Any CPU
		{B7DA4DB9-E2D1-42D6-9A50-620BE9A3D608}.AppStore|x64.Build.0 = Debug|Any CPU
		{B7DA4DB9-E2D1-42D6-9A50-620BE9A3D608}.AppStore|x86.ActiveCfg = Debug|Any CPU
		{B7DA4DB9-E2D1-42D6-9A50-620BE9A3D608}.AppStore|x86.Build.0 = Debug|Any CPU
		{B7DA4DB9-E2D1-42D6-9A50-620BE9A3D608}.Debug|Any CPU.ActiveCfg = Debug|Any CPU
		{B7DA4DB9-E2D1-42D6-9A50-620BE9A3D608}.Debug|Any CPU.Build.0 = Debug|Any CPU
		{B7DA4DB9-E2D1-42D6-9A50-620BE9A3D608}.Debug|ARM.ActiveCfg = Debug|Any CPU
		{B7DA4DB9-E2D1-42D6-9A50-620BE9A3D608}.Debug|ARM.Build.0 = Debug|Any CPU
		{B7DA4DB9-E2D1-42D6-9A50-620BE9A3D608}.Debug|ARM64.ActiveCfg = Debug|Any CPU
		{B7DA4DB9-E2D1-42D6-9A50-620BE9A3D608}.Debug|ARM64.Build.0 = Debug|Any CPU
		{B7DA4DB9-E2D1-42D6-9A50-620BE9A3D608}.Debug|iPhone.ActiveCfg = Debug|Any CPU
		{B7DA4DB9-E2D1-42D6-9A50-620BE9A3D608}.Debug|iPhone.Build.0 = Debug|Any CPU
		{B7DA4DB9-E2D1-42D6-9A50-620BE9A3D608}.Debug|iPhoneSimulator.ActiveCfg = Debug|Any CPU
		{B7DA4DB9-E2D1-42D6-9A50-620BE9A3D608}.Debug|iPhoneSimulator.Build.0 = Debug|Any CPU
		{B7DA4DB9-E2D1-42D6-9A50-620BE9A3D608}.Debug|x64.ActiveCfg = Debug|Any CPU
		{B7DA4DB9-E2D1-42D6-9A50-620BE9A3D608}.Debug|x64.Build.0 = Debug|Any CPU
		{B7DA4DB9-E2D1-42D6-9A50-620BE9A3D608}.Debug|x86.ActiveCfg = Debug|Any CPU
		{B7DA4DB9-E2D1-42D6-9A50-620BE9A3D608}.Release|Any CPU.ActiveCfg = Release|Any CPU
		{B7DA4DB9-E2D1-42D6-9A50-620BE9A3D608}.Release|Any CPU.Build.0 = Release|Any CPU
		{B7DA4DB9-E2D1-42D6-9A50-620BE9A3D608}.Release|ARM.ActiveCfg = Release|Any CPU
		{B7DA4DB9-E2D1-42D6-9A50-620BE9A3D608}.Release|ARM.Build.0 = Release|Any CPU
		{B7DA4DB9-E2D1-42D6-9A50-620BE9A3D608}.Release|ARM64.ActiveCfg = Release|Any CPU
		{B7DA4DB9-E2D1-42D6-9A50-620BE9A3D608}.Release|ARM64.Build.0 = Release|Any CPU
		{B7DA4DB9-E2D1-42D6-9A50-620BE9A3D608}.Release|iPhone.ActiveCfg = Release|Any CPU
		{B7DA4DB9-E2D1-42D6-9A50-620BE9A3D608}.Release|iPhone.Build.0 = Release|Any CPU
		{B7DA4DB9-E2D1-42D6-9A50-620BE9A3D608}.Release|iPhoneSimulator.ActiveCfg = Release|Any CPU
		{B7DA4DB9-E2D1-42D6-9A50-620BE9A3D608}.Release|iPhoneSimulator.Build.0 = Release|Any CPU
		{B7DA4DB9-E2D1-42D6-9A50-620BE9A3D608}.Release|x64.ActiveCfg = Release|Any CPU
		{B7DA4DB9-E2D1-42D6-9A50-620BE9A3D608}.Release|x64.Build.0 = Release|Any CPU
		{B7DA4DB9-E2D1-42D6-9A50-620BE9A3D608}.Release|x86.ActiveCfg = Release|Any CPU
		{B7DA4DB9-E2D1-42D6-9A50-620BE9A3D608}.Release|x86.Build.0 = Release|Any CPU
	EndGlobalSection
	GlobalSection(SolutionProperties) = preSolution
		HideSolutionNode = FALSE
	EndGlobalSection
	GlobalSection(NestedProjects) = preSolution
		{000588F5-F55D-472C-AA49-B0C48F1DE634} = {68C555CC-E464-49DB-B432-7925BB14E3D0}
		{55565B13-83BE-4E64-B7C1-0BFC0EB66C04} = {68C555CC-E464-49DB-B432-7925BB14E3D0}
		{12B3D5E3-9EBD-4F10-A144-271C468D983A} = {68C555CC-E464-49DB-B432-7925BB14E3D0}
		{8D85656B-9F35-459C-BFF4-6DACC6A997B8} = {68C555CC-E464-49DB-B432-7925BB14E3D0}
		{E2A1E8E4-53BB-4D17-88AE-B01FF41DD9FA} = {68C555CC-E464-49DB-B432-7925BB14E3D0}
		{E8331104-F935-4FD4-ADD3-51FF94775D92} = {68C555CC-E464-49DB-B432-7925BB14E3D0}
		{40D11CE6-E8AE-4137-8A72-88A8FD4210E3} = {68C555CC-E464-49DB-B432-7925BB14E3D0}
		{CD59FA1E-14F3-44A6-B9ED-BB56F8ADDD49} = {68C555CC-E464-49DB-B432-7925BB14E3D0}
		{B7DA4DB9-E2D1-42D6-9A50-620BE9A3D608} = {68C555CC-E464-49DB-B432-7925BB14E3D0}
	EndGlobalSection
	GlobalSection(ExtensibilityGlobals) = postSolution
		SolutionGuid = {41A7B705-3EEC-44A7-9F47-7A6F31C04D8C}
	EndGlobalSection
EndGlobal
